# This file is generated by running "yarn install" inside your project.
# Manual changes might be lost - proceed with caution!

__metadata:
  version: 4
  cacheKey: 7

"@types/prettier@npm:^2":
  version: 2.2.3
  resolution: "@types/prettier@npm:2.2.3"
  checksum: b7e80288f9f776caca84391a7a217b8baac6b4fce00bb9701af69299d465cb8faf17466f0af0803970c74d2c191767ca729a6d21a2f7e2ce552d1ef6cc0d653a
  languageName: node
  linkType: hard

"prettier@npm:^2.3.0":
  version: 2.3.0
  resolution: "prettier@npm:2.3.0"
  bin:
    prettier: bin-prettier.js
  checksum: 652640cc8b71bc5277cfb8bf6f161783ca588efcf683c3d630837b39da8d57fef35c9e00ae5855a8e3c75136c42274046c913cc2b2d2968558315f31c6a26981
  languageName: node
  linkType: hard

"todojs@workspace:.":
  version: 0.0.0-use.local
  resolution: "todojs@workspace:."
  dependencies:
    "@types/prettier": ^2
    prettier: ^2.3.0
  languageName: unknown
  linkType: soft
